
Microsoft Visual Studio Solution File, Format Version 12.00
# Visual Studio Version 16
VisualStudioVersion = 16.0.30503.244
MinimumVisualStudioVersion = 10.0.40219.1
Project("{FAE04EC0-301F-11D3-BF4B-00C04F79EFBC}") = "Scherbakov", "Scherbakov\Scherbakov.csproj", "{66244915-D843-44F0-9B2A-D2D9B2CC8741}"
EndProject
Global
	GlobalSection(SolutionConfigurationPlatforms) = preSolution
		Debug|Any CPU = Debug|Any CPU
		Release|Any CPU = Release|Any CPU
	EndGlobalSection
	GlobalSection(ProjectConfigurationPlatforms) = postSolution
		{66244915-D843-44F0-9B2A-D2D9B2CC8741}.Debug|Any CPU.ActiveCfg = Debug|Any CPU
		{66244915-D843-44F0-9B2A-D2D9B2CC8741}.Debug|Any CPU.Build.0 = Debug|Any CPU
		{66244915-D843-44F0-9B2A-D2D9B2CC8741}.Release|Any CPU.ActiveCfg = Release|Any CPU
		{66244915-D843-44F0-9B2A-D2D9B2CC8741}.Release|Any CPU.Build.0 = Release|Any CPU
	EndGlobalSection
	GlobalSection(SolutionProperties) = preSolution
		HideSolutionNode = FALSE
	EndGlobalSection
	GlobalSection(ExtensibilityGlobals) = postSolution
		SolutionGuid = {71A21158-C5EF-4587-BE95-FD08D762C825}
	EndGlobalSection
EndGlobal
